
Microsoft Visual Studio Solution File, Format Version 12.00
# Visual Studio 15
VisualStudioVersion = 15.0.27428.2015
MinimumVisualStudioVersion = 10.0.40219.1
Project("{888888A0-9F3D-457C-B088-3A5042F75D52}") = "Cube", "Cube\Cube.pyproj", "{BB8743B9-90E0-4FA2-B030-533DAAD3D186}"
EndProject
Global
	GlobalSection(SolutionConfigurationPlatforms) = preSolution
		Debug|Any CPU = Debug|Any CPU
		Release|Any CPU = Release|Any CPU
	EndGlobalSection
	GlobalSection(ProjectConfigurationPlatforms) = postSolution
		{BB8743B9-90E0-4FA2-B030-533DAAD3D186}.Debug|Any CPU.ActiveCfg = Debug|Any CPU
		{BB8743B9-90E0-4FA2-B030-533DAAD3D186}.Release|Any CPU.ActiveCfg = Release|Any CPU
	EndGlobalSection
	GlobalSection(SolutionProperties) = preSolution
		HideSolutionNode = FALSE
	EndGlobalSection
	GlobalSection(ExtensibilityGlobals) = postSolution
		SolutionGuid = {2B0F2131-F535-4058-9B76-8F3C1EC641BA}
	EndGlobalSection
EndGlobal
