
Microsoft Visual Studio Solution File, Format Version 12.00
# Visual Studio 15
VisualStudioVersion = 15.0.27428.2015
MinimumVisualStudioVersion = 10.0.40219.1
Project("{888888A0-9F3D-457C-B088-3A5042F75D52}") = "Maze", "Maze\Maze.pyproj", "{B79EAA27-1D29-4987-98B7-CB0ADB36AB0C}"
EndProject
Global
	GlobalSection(SolutionConfigurationPlatforms) = preSolution
		Debug|Any CPU = Debug|Any CPU
		Release|Any CPU = Release|Any CPU
	EndGlobalSection
	GlobalSection(ProjectConfigurationPlatforms) = postSolution
		{B79EAA27-1D29-4987-98B7-CB0ADB36AB0C}.Debug|Any CPU.ActiveCfg = Debug|Any CPU
		{B79EAA27-1D29-4987-98B7-CB0ADB36AB0C}.Release|Any CPU.ActiveCfg = Release|Any CPU
	EndGlobalSection
	GlobalSection(SolutionProperties) = preSolution
		HideSolutionNode = FALSE
	EndGlobalSection
	GlobalSection(ExtensibilityGlobals) = postSolution
		SolutionGuid = {D4A6D972-5C3E-4338-A0F5-FEFA1CF006EB}
	EndGlobalSection
EndGlobal
